
Microsoft Visual Studio Solution File, Format Version 12.00
# Visual Studio Version 16
VisualStudioVersion = 16.0.30104.148
MinimumVisualStudioVersion = 10.0.40219.1
Project("{FAE04EC0-301F-11D3-BF4B-00C04F79EFBC}") = "TestStorageAccess", "TestStorageAccess.csproj", "{87789B1D-9529-434B-909F-198356AE9799}"
EndProject
Global
	GlobalSection(SolutionConfigurationPlatforms) = preSolution
		Debug|ARM = Debug|ARM
		Debug|ARM64 = Debug|ARM64
		Debug|x64 = Debug|x64
		Debug|x86 = Debug|x86
		Release|ARM = Release|ARM
		Release|ARM64 = Release|ARM64
		Release|x64 = Release|x64
		Release|x86 = Release|x86
	EndGlobalSection
	GlobalSection(ProjectConfigurationPlatforms) = postSolution
		{87789B1D-9529-434B-909F-198356AE9799}.Debug|ARM.ActiveCfg = Debug|ARM
		{87789B1D-9529-434B-909F-198356AE9799}.Debug|ARM.Build.0 = Debug|ARM
		{87789B1D-9529-434B-909F-198356AE9799}.Debug|ARM.Deploy.0 = Debug|ARM
		{87789B1D-9529-434B-909F-198356AE9799}.Debug|ARM64.ActiveCfg = Debug|ARM64
		{87789B1D-9529-434B-909F-198356AE9799}.Debug|ARM64.Build.0 = Debug|ARM64
		{87789B1D-9529-434B-909F-198356AE9799}.Debug|ARM64.Deploy.0 = Debug|ARM64
		{87789B1D-9529-434B-909F-198356AE9799}.Debug|x64.ActiveCfg = Debug|x64
		{87789B1D-9529-434B-909F-198356AE9799}.Debug|x64.Build.0 = Debug|x64
		{87789B1D-9529-434B-909F-198356AE9799}.Debug|x64.Deploy.0 = Debug|x64
		{87789B1D-9529-434B-909F-198356AE9799}.Debug|x86.ActiveCfg = Debug|x86
		{87789B1D-9529-434B-909F-198356AE9799}.Debug|x86.Build.0 = Debug|x86
		{87789B1D-9529-434B-909F-198356AE9799}.Debug|x86.Deploy.0 = Debug|x86
		{87789B1D-9529-434B-909F-198356AE9799}.Release|ARM.ActiveCfg = Release|ARM
		{87789B1D-9529-434B-909F-198356AE9799}.Release|ARM.Build.0 = Release|ARM
		{87789B1D-9529-434B-909F-198356AE9799}.Release|ARM.Deploy.0 = Release|ARM
		{87789B1D-9529-434B-909F-198356AE9799}.Release|ARM64.ActiveCfg = Release|ARM64
		{87789B1D-9529-434B-909F-198356AE9799}.Release|ARM64.Build.0 = Release|ARM64
		{87789B1D-9529-434B-909F-198356AE9799}.Release|ARM64.Deploy.0 = Release|ARM64
		{87789B1D-9529-434B-909F-198356AE9799}.Release|x64.ActiveCfg = Release|x64
		{87789B1D-9529-434B-909F-198356AE9799}.Release|x64.Build.0 = Release|x64
		{87789B1D-9529-434B-909F-198356AE9799}.Release|x64.Deploy.0 = Release|x64
		{87789B1D-9529-434B-909F-198356AE9799}.Release|x86.ActiveCfg = Release|x86
		{87789B1D-9529-434B-909F-198356AE9799}.Release|x86.Build.0 = Release|x86
		{87789B1D-9529-434B-909F-198356AE9799}.Release|x86.Deploy.0 = Release|x86
	EndGlobalSection
	GlobalSection(SolutionProperties) = preSolution
		HideSolutionNode = FALSE
	EndGlobalSection
	GlobalSection(ExtensibilityGlobals) = postSolution
		SolutionGuid = {703AF4BB-8955-4C8C-9ED7-D63AE20FF5F5}
	EndGlobalSection
EndGlobal
