
Microsoft Visual Studio Solution File, Format Version 12.00
# Visual Studio 15
VisualStudioVersion = 15.0.28307.539
MinimumVisualStudioVersion = 10.0.40219.1
Project("{FAE04EC0-301F-11D3-BF4B-00C04F79EFBC}") = "ImageBrushes", "ImageBrushes\ImageBrushes.csproj", "{5DEA9C5C-CF99-4EF7-9791-ACD8A482AEB9}"
EndProject
Global
	GlobalSection(SolutionConfigurationPlatforms) = preSolution
		Debug|ARM = Debug|ARM
		Debug|ARM64 = Debug|ARM64
		Debug|x64 = Debug|x64
		Debug|x86 = Debug|x86
		Release|ARM = Release|ARM
		Release|ARM64 = Release|ARM64
		Release|x64 = Release|x64
		Release|x86 = Release|x86
	EndGlobalSection
	GlobalSection(ProjectConfigurationPlatforms) = postSolution
		{5DEA9C5C-CF99-4EF7-9791-ACD8A482AEB9}.Debug|ARM.ActiveCfg = Debug|ARM
		{5DEA9C5C-CF99-4EF7-9791-ACD8A482AEB9}.Debug|ARM.Build.0 = Debug|ARM
		{5DEA9C5C-CF99-4EF7-9791-ACD8A482AEB9}.Debug|ARM.Deploy.0 = Debug|ARM
		{5DEA9C5C-CF99-4EF7-9791-ACD8A482AEB9}.Debug|ARM64.ActiveCfg = Debug|ARM64
		{5DEA9C5C-CF99-4EF7-9791-ACD8A482AEB9}.Debug|ARM64.Build.0 = Debug|ARM64
		{5DEA9C5C-CF99-4EF7-9791-ACD8A482AEB9}.Debug|ARM64.Deploy.0 = Debug|ARM64
		{5DEA9C5C-CF99-4EF7-9791-ACD8A482AEB9}.Debug|x64.ActiveCfg = Debug|x64
		{5DEA9C5C-CF99-4EF7-9791-ACD8A482AEB9}.Debug|x64.Build.0 = Debug|x64
		{5DEA9C5C-CF99-4EF7-9791-ACD8A482AEB9}.Debug|x64.Deploy.0 = Debug|x64
		{5DEA9C5C-CF99-4EF7-9791-ACD8A482AEB9}.Debug|x86.ActiveCfg = Debug|x86
		{5DEA9C5C-CF99-4EF7-9791-ACD8A482AEB9}.Debug|x86.Build.0 = Debug|x86
		{5DEA9C5C-CF99-4EF7-9791-ACD8A482AEB9}.Debug|x86.Deploy.0 = Debug|x86
		{5DEA9C5C-CF99-4EF7-9791-ACD8A482AEB9}.Release|ARM.ActiveCfg = Release|ARM
		{5DEA9C5C-CF99-4EF7-9791-ACD8A482AEB9}.Release|ARM.Build.0 = Release|ARM
		{5DEA9C5C-CF99-4EF7-9791-ACD8A482AEB9}.Release|ARM.Deploy.0 = Release|ARM
		{5DEA9C5C-CF99-4EF7-9791-ACD8A482AEB9}.Release|ARM64.ActiveCfg = Release|ARM64
		{5DEA9C5C-CF99-4EF7-9791-ACD8A482AEB9}.Release|ARM64.Build.0 = Release|ARM64
		{5DEA9C5C-CF99-4EF7-9791-ACD8A482AEB9}.Release|ARM64.Deploy.0 = Release|ARM64
		{5DEA9C5C-CF99-4EF7-9791-ACD8A482AEB9}.Release|x64.ActiveCfg = Release|x64
		{5DEA9C5C-CF99-4EF7-9791-ACD8A482AEB9}.Release|x64.Build.0 = Release|x64
		{5DEA9C5C-CF99-4EF7-9791-ACD8A482AEB9}.Release|x64.Deploy.0 = Release|x64
		{5DEA9C5C-CF99-4EF7-9791-ACD8A482AEB9}.Release|x86.ActiveCfg = Release|x86
		{5DEA9C5C-CF99-4EF7-9791-ACD8A482AEB9}.Release|x86.Build.0 = Release|x86
		{5DEA9C5C-CF99-4EF7-9791-ACD8A482AEB9}.Release|x86.Deploy.0 = Release|x86
	EndGlobalSection
	GlobalSection(SolutionProperties) = preSolution
		HideSolutionNode = FALSE
	EndGlobalSection
	GlobalSection(ExtensibilityGlobals) = postSolution
		SolutionGuid = {EBD8DD7D-C384-4112-8C93-5495343A0FCB}
	EndGlobalSection
EndGlobal
