
Microsoft Visual Studio Solution File, Format Version 12.00
# Visual Studio 15
VisualStudioVersion = 15.0.28307.539
MinimumVisualStudioVersion = 10.0.40219.1
Project("{FAE04EC0-301F-11D3-BF4B-00C04F79EFBC}") = "SyncAntiPattern", "SyncAntiPattern\SyncAntiPattern.csproj", "{AEF92333-558E-4768-B9D4-1C55AD52CAEA}"
EndProject
Global
	GlobalSection(SolutionConfigurationPlatforms) = preSolution
		Debug|ARM = Debug|ARM
		Debug|ARM64 = Debug|ARM64
		Debug|x64 = Debug|x64
		Debug|x86 = Debug|x86
		Release|ARM = Release|ARM
		Release|ARM64 = Release|ARM64
		Release|x64 = Release|x64
		Release|x86 = Release|x86
	EndGlobalSection
	GlobalSection(ProjectConfigurationPlatforms) = postSolution
		{AEF92333-558E-4768-B9D4-1C55AD52CAEA}.Debug|ARM.ActiveCfg = Debug|ARM
		{AEF92333-558E-4768-B9D4-1C55AD52CAEA}.Debug|ARM.Build.0 = Debug|ARM
		{AEF92333-558E-4768-B9D4-1C55AD52CAEA}.Debug|ARM.Deploy.0 = Debug|ARM
		{AEF92333-558E-4768-B9D4-1C55AD52CAEA}.Debug|ARM64.ActiveCfg = Debug|ARM64
		{AEF92333-558E-4768-B9D4-1C55AD52CAEA}.Debug|ARM64.Build.0 = Debug|ARM64
		{AEF92333-558E-4768-B9D4-1C55AD52CAEA}.Debug|ARM64.Deploy.0 = Debug|ARM64
		{AEF92333-558E-4768-B9D4-1C55AD52CAEA}.Debug|x64.ActiveCfg = Debug|x64
		{AEF92333-558E-4768-B9D4-1C55AD52CAEA}.Debug|x64.Build.0 = Debug|x64
		{AEF92333-558E-4768-B9D4-1C55AD52CAEA}.Debug|x64.Deploy.0 = Debug|x64
		{AEF92333-558E-4768-B9D4-1C55AD52CAEA}.Debug|x86.ActiveCfg = Debug|x86
		{AEF92333-558E-4768-B9D4-1C55AD52CAEA}.Debug|x86.Build.0 = Debug|x86
		{AEF92333-558E-4768-B9D4-1C55AD52CAEA}.Debug|x86.Deploy.0 = Debug|x86
		{AEF92333-558E-4768-B9D4-1C55AD52CAEA}.Release|ARM.ActiveCfg = Release|ARM
		{AEF92333-558E-4768-B9D4-1C55AD52CAEA}.Release|ARM.Build.0 = Release|ARM
		{AEF92333-558E-4768-B9D4-1C55AD52CAEA}.Release|ARM.Deploy.0 = Release|ARM
		{AEF92333-558E-4768-B9D4-1C55AD52CAEA}.Release|ARM64.ActiveCfg = Release|ARM64
		{AEF92333-558E-4768-B9D4-1C55AD52CAEA}.Release|ARM64.Build.0 = Release|ARM64
		{AEF92333-558E-4768-B9D4-1C55AD52CAEA}.Release|ARM64.Deploy.0 = Release|ARM64
		{AEF92333-558E-4768-B9D4-1C55AD52CAEA}.Release|x64.ActiveCfg = Release|x64
		{AEF92333-558E-4768-B9D4-1C55AD52CAEA}.Release|x64.Build.0 = Release|x64
		{AEF92333-558E-4768-B9D4-1C55AD52CAEA}.Release|x64.Deploy.0 = Release|x64
		{AEF92333-558E-4768-B9D4-1C55AD52CAEA}.Release|x86.ActiveCfg = Release|x86
		{AEF92333-558E-4768-B9D4-1C55AD52CAEA}.Release|x86.Build.0 = Release|x86
		{AEF92333-558E-4768-B9D4-1C55AD52CAEA}.Release|x86.Deploy.0 = Release|x86
	EndGlobalSection
	GlobalSection(SolutionProperties) = preSolution
		HideSolutionNode = FALSE
	EndGlobalSection
	GlobalSection(ExtensibilityGlobals) = postSolution
		SolutionGuid = {87DC4D73-ABCD-4B22-ADA0-74A708BC436E}
	EndGlobalSection
EndGlobal
